
Microsoft Visual Studio Solution File, Format Version 12.00
# Visual Studio Version 17
VisualStudioVersion = 17.5.002.0
MinimumVisualStudioVersion = 10.0.40219.1
Project("{9A19103F-16F7-4668-BE54-9A1E7A4F7556}") = "GerenciamentoPedidosFornecedores", "GerenciamentoPedidosFornecedores.csproj", "{801C5D69-119E-4448-BF2E-49C946C4DFB4}"
EndProject
Global
	GlobalSection(SolutionConfigurationPlatforms) = preSolution
		Debug|Any CPU = Debug|Any CPU
		Release|Any CPU = Release|Any CPU
	EndGlobalSection
	GlobalSection(ProjectConfigurationPlatforms) = postSolution
		{801C5D69-119E-4448-BF2E-49C946C4DFB4}.Debug|Any CPU.ActiveCfg = Debug|Any CPU
		{801C5D69-119E-4448-BF2E-49C946C4DFB4}.Debug|Any CPU.Build.0 = Debug|Any CPU
		{801C5D69-119E-4448-BF2E-49C946C4DFB4}.Release|Any CPU.ActiveCfg = Release|Any CPU
		{801C5D69-119E-4448-BF2E-49C946C4DFB4}.Release|Any CPU.Build.0 = Release|Any CPU
	EndGlobalSection
	GlobalSection(SolutionProperties) = preSolution
		HideSolutionNode = FALSE
	EndGlobalSection
	GlobalSection(ExtensibilityGlobals) = postSolution
		SolutionGuid = {F7ADF24E-6789-4C37-ACAF-B79640219E15}
	EndGlobalSection
EndGlobal
